schema: '2.0'
stages:
  data_ingestion:
    cmd: python3 -m src.data.data_ingestion
    deps:
    - path: src/data/data_ingestion.py
      hash: md5
      md5: 19788816d95de491e4c8335b0390b16f
      size: 2714
    params:
      params.yaml:
        data_ingestion.test_size: 0.22
    outs:
    - path: central_data/raw_data
      hash: md5
      md5: 5cbee43a566358196b0c9b213e28e8af.dir
      size: 8205719
      nfiles: 2
  data_validation:
    cmd: python3 -m src.data.data_validation
    deps:
    - path: central_data/raw_data
      hash: md5
      md5: 5cbee43a566358196b0c9b213e28e8af.dir
      size: 8205719
      nfiles: 2
    - path: src/data/data_validation.py
      hash: md5
      md5: 71f76f3bdaa63d8d6c584e10ddcc405e
      size: 6414
  data_preprocessing:
    cmd: python3 -m src.data.data_preprocessing
    deps:
    - path: central_data/raw_data
      hash: md5
      md5: 5cbee43a566358196b0c9b213e28e8af.dir
      size: 8205719
      nfiles: 2
    - path: src/data/data_preprocessing.py
      hash: md5
      md5: a03d6aa14905fde79909399afdd585d6
      size: 3758
    outs:
    - path: central_data/pre_processed
      hash: md5
      md5: 486ff90df9d250c6c8f7cd5535102110.dir
      size: 5412139
      nfiles: 2
  feature_engineering:
    cmd: python3 -m src.data.feature_engineering
    deps:
    - path: central_data/pre_processed
      hash: md5
      md5: 486ff90df9d250c6c8f7cd5535102110.dir
      size: 5412139
      nfiles: 2
    - path: src/data/feature_engineering.py
      hash: md5
      md5: 804198898610bf90407c426f9646a173
      size: 10106
    params:
      params.yaml:
        feature_engineering.max_features: 20
    outs:
    - path: central_data/feature_engineering
      hash: md5
      md5: 285cff3afb825bc6d187e98a8632c566.dir
      size: 2364720
      nfiles: 2
  model_training:
    cmd: python3 -m src.model.model_training
    deps:
    - path: central_data/feature_engineering
      hash: md5
      md5: 285cff3afb825bc6d187e98a8632c566.dir
      size: 2364720
      nfiles: 2
    - path: src/model/model_training.py
      hash: md5
      md5: 0ac2f749317cace8e1bff9fad0b6bc40
      size: 3940
    params:
      params.yaml:
        model_training.hyper_parameters:
          n_estimators: 200
          max_depth: 6
          learning_rate: 0.1
          subsample: 0.8
  model_evaluation:
    cmd: python -m src.model.model_evaluation
    deps:
    - path: central_data/feature_engineering
      hash: md5
      md5: 285cff3afb825bc6d187e98a8632c566.dir
      size: 2364720
      nfiles: 2
    - path: src/model/model_evaluation.py
      hash: md5
      md5: bb022e2ddd318b2cdac2d2d9252c070a
      size: 4233
