schema: '2.0'
stages:
  data_ingestion:
    cmd: python3 -m src.data.data_ingestion
    deps:
    - path: src/data/data_ingestion.py
      hash: md5
      md5: 19788816d95de491e4c8335b0390b16f
      size: 2714
    params:
      params.yaml:
        data_ingestion.test_size: 0.2
    outs:
    - path: central_data/raw_data
      hash: md5
      md5: 0ac04c7648f148cba7119a62b67f6c62.dir
      size: 8205719
      nfiles: 2
  data_validation:
    cmd: python3 -m src.data.data_validation
    deps:
    - path: central_data/raw_data
      hash: md5
      md5: 0ac04c7648f148cba7119a62b67f6c62.dir
      size: 8205719
      nfiles: 2
    - path: src/data/data_validation.py
      hash: md5
      md5: 71f76f3bdaa63d8d6c584e10ddcc405e
      size: 6414
  data_preprocessing:
    cmd: python3 -m src.data.data_preprocessing
    deps:
    - path: central_data/raw_data
      hash: md5
      md5: 0ac04c7648f148cba7119a62b67f6c62.dir
      size: 8205719
      nfiles: 2
    - path: src/data/data_preprocessing.py
      hash: md5
      md5: a03d6aa14905fde79909399afdd585d6
      size: 3758
    outs:
    - path: central_data/pre_processed
      hash: md5
      md5: 413f25be014e34437720eb9ef523c7dd.dir
      size: 5412139
      nfiles: 2
  feature_engineering:
    cmd: python3 -m src.data.feature_engineering
    deps:
    - path: central_data/pre_processed
      hash: md5
      md5: 413f25be014e34437720eb9ef523c7dd.dir
      size: 5412139
      nfiles: 2
    - path: src/data/feature_engineering.py
      hash: md5
      md5: 161bed8adb612221be6de6194ddae367
      size: 10100
    params:
      params.yaml:
        feature_engineering.max_features: 20
    outs:
    - path: central_data/feature_engineering
      hash: md5
      md5: 6d69348df92650990fd2ac9548226411.dir
      size: 2368128
      nfiles: 2
  model_training:
    cmd: python3 -m src.model.model_training
    deps:
    - path: central_data/feature_engineering
      hash: md5
      md5: 6d69348df92650990fd2ac9548226411.dir
      size: 2368128
      nfiles: 2
    - path: src/model/model_training.py
      hash: md5
      md5: 4850a27c0f24182664593b2601fdc26f
      size: 3312
    params:
      params.yaml:
        model_training.hyper_parameters:
          n_estimators: 200
          max_depth: 6
          learning_rate: 0.1
          subsample: 0.8
    outs:
    - path: experiments/run_info.json
      hash: md5
      md5: 140b75da0eeae21b698417b0e99423ab
      size: 46
  model_evaluation:
    cmd: python -m src.model.model_evaluation
    deps:
    - path: experiments/run_info.json
      hash: md5
      md5: 140b75da0eeae21b698417b0e99423ab
      size: 46
    - path: src/model/model_evaluation.py
      hash: md5
      md5: 41ed5e3dca91d2a9d7b0d830aad9c359
      size: 4853
