schema: '2.0'
stages:
  data_ingestion:
    cmd: python3 -m src.data.data_ingestion
    deps:
    - path: src/data/data_ingestion.py
      hash: md5
      md5: a8c3b07f7d6c3c6494990cfe40b372bc
      size: 2766
    params:
      params.yaml:
        data_ingestion.test_size: 0.3
    outs:
    - path: central_data/raw_data
      hash: md5
      md5: 4bd71adb82910c656e9b68cd5cde4ef3.dir
      size: 8205719
      nfiles: 2
  data_preprocessing:
    cmd: python3 -m src.data.data_preprocessing
    deps:
    - path: central_data/raw_data
      hash: md5
      md5: 4bd71adb82910c656e9b68cd5cde4ef3.dir
      size: 8205719
      nfiles: 2
    - path: src/data/data_preprocessing.py
      hash: md5
      md5: 743ecb7604118de44b08eaa325cd995d
      size: 3875
    outs:
    - path: central_data/pre_processed
      hash: md5
      md5: 67424fda48eeb5766bc8dc2d553b5667.dir
      size: 5412139
      nfiles: 2
  feature_engineering:
    cmd: python3 -m src.data.feature_engineering
    deps:
    - path: central_data/pre_processed
      hash: md5
      md5: 67424fda48eeb5766bc8dc2d553b5667.dir
      size: 5412139
      nfiles: 2
    - path: src/data/feature_engineering.py
      hash: md5
      md5: deac020a28946dd61718ba0e6d09d020
      size: 9984
    params:
      params.yaml:
        feature_engineering.max_features: 20
    outs:
    - path: central_data/feature_engineering
      hash: md5
      md5: 15825460677f6e5a4c57f2c4f0f5c4ec.dir
      size: 2363117
      nfiles: 2
  model_training:
    cmd: python3 -m src.model.model_training
    deps:
    - path: central_data/feature_engineering
      hash: md5
      md5: 15825460677f6e5a4c57f2c4f0f5c4ec.dir
      size: 2363117
      nfiles: 2
    - path: src/model/model_training.py
      hash: md5
      md5: d3b537592418d21d71a8e81a026179c9
      size: 3414
    params:
      params.yaml:
        model_training.hyper_parameters:
          n_estimators: 200
          max_depth: 6
          learning_rate: 0.1
          subsample: 0.8
    outs:
    - path: experiments/run_info.json
      hash: md5
      md5: 4a3c28b6901d38ff60797dba052bdb01
      size: 46
  model_evaluation:
    cmd: python -m src.model.model_evaluation
    deps:
    - path: experiments/run_info.json
      hash: md5
      md5: 4a3c28b6901d38ff60797dba052bdb01
      size: 46
    - path: src/model/model_evaluation.py
      hash: md5
      md5: f3dcfea16751d4710f0e251b3d7b3c64
      size: 3078
